PODS:
  - Kingfisher (7.2.1)
  - SnapKit (5.6.0)

DEPENDENCIES:
  - Kingfisher
  - SnapKit

SPEC REPOS:
  trunk:
    - Kingfisher
    - SnapKit

SPEC CHECKSUMS:
  Kingfisher: 7c084bebf7d548c623ad41bcf765fb200efed369
  SnapKit: e01d52ebb8ddbc333eefe2132acf85c8227d9c25

PODFILE CHECKSUM: 7af0bc1885d140402d14b861d8a4b617b9cc11a4

COCOAPODS: 1.11.3
